
Microsoft Visual Studio Solution File, Format Version 12.00
# Visual Studio 15
VisualStudioVersion = 15.0.27130.2036
MinimumVisualStudioVersion = 10.0.40219.1
Project("{FAE04EC0-301F-11D3-BF4B-00C04F79EFBC}") = "FindTheBug", "FindTheBug\FindTheBug.csproj", "{0A1D21B2-AD3F-47FF-8E0C-5D0FB46E81D6}"
EndProject
Global
	GlobalSection(SolutionConfigurationPlatforms) = preSolution
		Debug|Any CPU = Debug|Any CPU
		Release|Any CPU = Release|Any CPU
	EndGlobalSection
	GlobalSection(ProjectConfigurationPlatforms) = postSolution
		{0A1D21B2-AD3F-47FF-8E0C-5D0FB46E81D6}.Debug|Any CPU.ActiveCfg = Debug|Any CPU
		{0A1D21B2-AD3F-47FF-8E0C-5D0FB46E81D6}.Debug|Any CPU.Build.0 = Debug|Any CPU
		{0A1D21B2-AD3F-47FF-8E0C-5D0FB46E81D6}.Release|Any CPU.ActiveCfg = Release|Any CPU
		{0A1D21B2-AD3F-47FF-8E0C-5D0FB46E81D6}.Release|Any CPU.Build.0 = Release|Any CPU
	EndGlobalSection
	GlobalSection(SolutionProperties) = preSolution
		HideSolutionNode = FALSE
	EndGlobalSection
	GlobalSection(ExtensibilityGlobals) = postSolution
		SolutionGuid = {EEB4A21C-7260-4746-A599-41EFEAB1449C}
	EndGlobalSection
EndGlobal
